PODS:
  - PerspectivePhotoBrowser (0.1.0):
    - SDWebImage (~> 4.0)
  - SDWebImage (4.3.3):
    - SDWebImage/Core (= 4.3.3)
  - SDWebImage/Core (4.3.3)

DEPENDENCIES:
  - PerspectivePhotoBrowser (from `../`)

SPEC REPOS:
  https://github.com/CocoaPods/Specs.git:
    - SDWebImage

EXTERNAL SOURCES:
  PerspectivePhotoBrowser:
    :path: "../"

SPEC CHECKSUMS:
  PerspectivePhotoBrowser: fcb6de045241f1fc51912bc3dc9ad28274106cc8
  SDWebImage: de4d90b5bff3571eae7bd16202b1f43135409fa5

PODFILE CHECKSUM: 11c1c0a81360137067cf79b5e46951ab25b51172

COCOAPODS: 1.5.0
